
Microsoft Visual Studio Solution File, Format Version 12.00
# Visual Studio Version 17
VisualStudioVersion = 17.5.002.0
MinimumVisualStudioVersion = 10.0.40219.1
Project("{9A19103F-16F7-4668-BE54-9A1E7A4F7556}") = "task1", "task1\task1.csproj", "{0B83077B-4A82-4438-81D9-F50D2D5B0929}"
EndProject
Project("{9A19103F-16F7-4668-BE54-9A1E7A4F7556}") = "task2", "task2\task2.csproj", "{325DB27B-121C-42F1-92E0-5BC00B2FD16A}"
EndProject
Project("{9A19103F-16F7-4668-BE54-9A1E7A4F7556}") = "task3", "task3\task3.csproj", "{3FA04412-ACE9-4B43-949E-B5899FBF2F23}"
EndProject
Global
	GlobalSection(SolutionConfigurationPlatforms) = preSolution
		Debug|Any CPU = Debug|Any CPU
		Release|Any CPU = Release|Any CPU
	EndGlobalSection
	GlobalSection(ProjectConfigurationPlatforms) = postSolution
		{0B83077B-4A82-4438-81D9-F50D2D5B0929}.Debug|Any CPU.ActiveCfg = Debug|Any CPU
		{0B83077B-4A82-4438-81D9-F50D2D5B0929}.Debug|Any CPU.Build.0 = Debug|Any CPU
		{0B83077B-4A82-4438-81D9-F50D2D5B0929}.Release|Any CPU.ActiveCfg = Release|Any CPU
		{0B83077B-4A82-4438-81D9-F50D2D5B0929}.Release|Any CPU.Build.0 = Release|Any CPU
		{325DB27B-121C-42F1-92E0-5BC00B2FD16A}.Debug|Any CPU.ActiveCfg = Debug|Any CPU
		{325DB27B-121C-42F1-92E0-5BC00B2FD16A}.Debug|Any CPU.Build.0 = Debug|Any CPU
		{325DB27B-121C-42F1-92E0-5BC00B2FD16A}.Release|Any CPU.ActiveCfg = Release|Any CPU
		{325DB27B-121C-42F1-92E0-5BC00B2FD16A}.Release|Any CPU.Build.0 = Release|Any CPU
		{3FA04412-ACE9-4B43-949E-B5899FBF2F23}.Debug|Any CPU.ActiveCfg = Debug|Any CPU
		{3FA04412-ACE9-4B43-949E-B5899FBF2F23}.Debug|Any CPU.Build.0 = Debug|Any CPU
		{3FA04412-ACE9-4B43-949E-B5899FBF2F23}.Release|Any CPU.ActiveCfg = Release|Any CPU
		{3FA04412-ACE9-4B43-949E-B5899FBF2F23}.Release|Any CPU.Build.0 = Release|Any CPU
	EndGlobalSection
	GlobalSection(SolutionProperties) = preSolution
		HideSolutionNode = FALSE
	EndGlobalSection
	GlobalSection(ExtensibilityGlobals) = postSolution
		SolutionGuid = {6741410A-9217-432C-BC86-9C80DAA2DDA8}
	EndGlobalSection
EndGlobal
